
Microsoft Visual Studio Solution File, Format Version 12.00
# Visual Studio Version 17
VisualStudioVersion = 17.0.31903.59
MinimumVisualStudioVersion = 10.0.40219.1
Project("{FAE04EC0-301F-11D3-BF4B-00C04F79EFBC}") = "soccer-ai-api", "src\soccer-ai-api\soccer-ai-api.csproj", "{211353FE-136E-418D-B7A8-5D2F94BF7572}"
EndProject
Project("{FAE04EC0-301F-11D3-BF4B-00C04F79EFBC}") = "soccer-ai-application", "src\soccer-ai-application\soccer-ai-application.csproj", "{A5CB48A3-7CD9-4573-9429-9D7B0F6F1514}"
EndProject
Project("{FAE04EC0-301F-11D3-BF4B-00C04F79EFBC}") = "soccer-ai-infrastructure", "src\soccer-ai-infrastructure\soccer-ai-infrastructure.csproj", "{8C83CC47-E0E7-46E5-8FC8-C2BD5767443B}"
EndProject
Project("{2150E333-8FDC-42A3-9474-1A3956D46DE8}") = "tests", "tests", "{0AB3BF05-4346-4AA6-1389-037BE0695223}"
EndProject
Project("{2150E333-8FDC-42A3-9474-1A3956D46DE8}") = "src", "src", "{9C75327C-D9FB-4432-8339-26B0A6192D3E}"
EndProject
Project("{FAE04EC0-301F-11D3-BF4B-00C04F79EFBC}") = "soccer-ai-unit-tests", "tests\soccer-ai-unit-tests\soccer-ai-unit-tests.csproj", "{052FC9AE-A501-4EED-85CF-8C0920DBA023}"
EndProject
Project("{FAE04EC0-301F-11D3-BF4B-00C04F79EFBC}") = "soccer-ai-tools", "src\soccer-ai-tools\soccer-ai-tools.csproj", "{3D7B45C1-92A4-4E8F-B6D3-1F5E8A2C7B90}"
EndProject
Project("{FAE04EC0-301F-11D3-BF4B-00C04F79EFBC}") = "soccer-ai-worker", "src\soccer-ai-worker\soccer-ai-worker.csproj", "{7E2A91D4-5B38-4C6F-A0E1-9D4C3B8F2A15}"
EndProject
Global
	GlobalSection(SolutionConfigurationPlatforms) = preSolution
		Debug|Any CPU = Debug|Any CPU
		Debug|x64 = Debug|x64
		Debug|x86 = Debug|x86
		Release|Any CPU = Release|Any CPU
		Release|x64 = Release|x64
		Release|x86 = Release|x86
	EndGlobalSection
	GlobalSection(ProjectConfigurationPlatforms) = postSolution
		{211353FE-136E-418D-B7A8-5D2F94BF7572}.Debug|Any CPU.ActiveCfg = Debug|Any CPU
		{211353FE-136E-418D-B7A8-5D2F94BF7572}.Debug|Any CPU.Build.0 = Debug|Any CPU
		{211353FE-136E-418D-B7A8-5D2F94BF7572}.Debug|x64.ActiveCfg = Debug|Any CPU
		{211353FE-136E-418D-B7A8-5D2F94BF7572}.Debug|x64.Build.0 = Debug|Any CPU
		{211353FE-136E-418D-B7A8-5D2F94BF7572}.Debug|x86.ActiveCfg = Debug|Any CPU
		{211353FE-136E-418D-B7A8-5D2F94BF7572}.Debug|x86.Build.0 = Debug|Any CPU
		{211353FE-136E-418D-B7A8-5D2F94BF7572}.Release|Any CPU.ActiveCfg = Release|Any CPU
		{211353FE-136E-418D-B7A8-5D2F94BF7572}.Release|Any CPU.Build.0 = Release|Any CPU
		{211353FE-136E-418D-B7A8-5D2F94BF7572}.Release|x64.ActiveCfg = Release|Any CPU
		{211353FE-136E-418D-B7A8-5D2F94BF7572}.Release|x64.Build.0 = Release|Any CPU
		{211353FE-136E-418D-B7A8-5D2F94BF7572}.Release|x86.ActiveCfg = Release|Any CPU
		{211353FE-136E-418D-B7A8-5D2F94BF7572}.Release|x86.Build.0 = Release|Any CPU
		{A5CB48A3-7CD9-4573-9429-9D7B0F6F1514}.Debug|Any CPU.ActiveCfg = Debug|Any CPU
		{A5CB48A3-7CD9-4573-9429-9D7B0F6F1514}.Debug|Any CPU.Build.0 = Debug|Any CPU
		{A5CB48A3-7CD9-4573-9429-9D7B0F6F1514}.Debug|x64.ActiveCfg = Debug|Any CPU
		{A5CB48A3-7CD9-4573-9429-9D7B0F6F1514}.Debug|x64.Build.0 = Debug|Any CPU
		{A5CB48A3-7CD9-4573-9429-9D7B0F6F1514}.Debug|x86.ActiveCfg = Debug|Any CPU
		{A5CB48A3-7CD9-4573-9429-9D7B0F6F1514}.Debug|x86.Build.0 = Debug|Any CPU
		{A5CB48A3-7CD9-4573-9429-9D7B0F6F1514}.Release|Any CPU.ActiveCfg = Release|Any CPU
		{A5CB48A3-7CD9-4573-9429-9D7B0F6F1514}.Release|Any CPU.Build.0 = Release|Any CPU
		{A5CB48A3-7CD9-4573-9429-9D7B0F6F1514}.Release|x64.ActiveCfg = Release|Any CPU
		{A5CB48A3-7CD9-4573-9429-9D7B0F6F1514}.Release|x64.Build.0 = Release|Any CPU
		{A5CB48A3-7CD9-4573-9429-9D7B0F6F1514}.Release|x86.ActiveCfg = Release|Any CPU
		{A5CB48A3-7CD9-4573-9429-9D7B0F6F1514}.Release|x86.Build.0 = Release|Any CPU
		{8C83CC47-E0E7-46E5-8FC8-C2BD5767443B}.Debug|Any CPU.ActiveCfg = Debug|Any CPU
		{8C83CC47-E0E7-46E5-8FC8-C2BD5767443B}.Debug|Any CPU.Build.0 = Debug|Any CPU
		{8C83CC47-E0E7-46E5-8FC8-C2BD5767443B}.Debug|x64.ActiveCfg = Debug|Any CPU
		{8C83CC47-E0E7-46E5-8FC8-C2BD5767443B}.Debug|x64.Build.0 = Debug|Any CPU
		{8C83CC47-E0E7-46E5-8FC8-C2BD5767443B}.Debug|x86.ActiveCfg = Debug|Any CPU
		{8C83CC47-E0E7-46E5-8FC8-C2BD5767443B}.Debug|x86.Build.0 = Debug|Any CPU
		{8C83CC47-E0E7-46E5-8FC8-C2BD5767443B}.Release|Any CPU.ActiveCfg = Release|Any CPU
		{8C83CC47-E0E7-46E5-8FC8-C2BD5767443B}.Release|Any CPU.Build.0 = Release|Any CPU
		{8C83CC47-E0E7-46E5-8FC8-C2BD5767443B}.Release|x64.ActiveCfg = Release|Any CPU
		{8C83CC47-E0E7-46E5-8FC8-C2BD5767443B}.Release|x64.Build.0 = Release|Any CPU
		{8C83CC47-E0E7-46E5-8FC8-C2BD5767443B}.Release|x86.ActiveCfg = Release|Any CPU
		{8C83CC47-E0E7-46E5-8FC8-C2BD5767443B}.Release|x86.Build.0 = Release|Any CPU
		{052FC9AE-A501-4EED-85CF-8C0920DBA023}.Debug|Any CPU.ActiveCfg = Debug|Any CPU
		{052FC9AE-A501-4EED-85CF-8C0920DBA023}.Debug|Any CPU.Build.0 = Debug|Any CPU
		{052FC9AE-A501-4EED-85CF-8C0920DBA023}.Debug|x64.ActiveCfg = Debug|Any CPU
		{052FC9AE-A501-4EED-85CF-8C0920DBA023}.Debug|x64.Build.0 = Debug|Any CPU
		{052FC9AE-A501-4EED-85CF-8C0920DBA023}.Debug|x86.ActiveCfg = Debug|Any CPU
		{052FC9AE-A501-4EED-85CF-8C0920DBA023}.Debug|x86.Build.0 = Debug|Any CPU
		{052FC9AE-A501-4EED-85CF-8C0920DBA023}.Release|Any CPU.ActiveCfg = Release|Any CPU
		{052FC9AE-A501-4EED-85CF-8C0920DBA023}.Release|Any CPU.Build.0 = Release|Any CPU
		{052FC9AE-A501-4EED-85CF-8C0920DBA023}.Release|x64.ActiveCfg = Release|Any CPU
		{052FC9AE-A501-4EED-85CF-8C0920DBA023}.Release|x64.Build.0 = Release|Any CPU
		{052FC9AE-A501-4EED-85CF-8C0920DBA023}.Release|x86.ActiveCfg = Release|Any CPU
		{052FC9AE-A501-4EED-85CF-8C0920DBA023}.Release|x86.Build.0 = Release|Any CPU
		{3D7B45C1-92A4-4E8F-B6D3-1F5E8A2C7B90}.Debug|Any CPU.ActiveCfg = Debug|Any CPU
		{3D7B45C1-92A4-4E8F-B6D3-1F5E8A2C7B90}.Debug|Any CPU.Build.0 = Debug|Any CPU
		{3D7B45C1-92A4-4E8F-B6D3-1F5E8A2C7B90}.Debug|x64.ActiveCfg = Debug|Any CPU
		{3D7B45C1-92A4-4E8F-B6D3-1F5E8A2C7B90}.Debug|x64.Build.0 = Debug|Any CPU
		{3D7B45C1-92A4-4E8F-B6D3-1F5E8A2C7B90}.Debug|x86.ActiveCfg = Debug|Any CPU
		{3D7B45C1-92A4-4E8F-B6D3-1F5E8A2C7B90}.Debug|x86.Build.0 = Debug|Any CPU
		{3D7B45C1-92A4-4E8F-B6D3-1F5E8A2C7B90}.Release|Any CPU.ActiveCfg = Release|Any CPU
		{3D7B45C1-92A4-4E8F-B6D3-1F5E8A2C7B90}.Release|Any CPU.Build.0 = Release|Any CPU
		{3D7B45C1-92A4-4E8F-B6D3-1F5E8A2C7B90}.Release|x64.ActiveCfg = Release|Any CPU
		{3D7B45C1-92A4-4E8F-B6D3-1F5E8A2C7B90}.Release|x64.Build.0 = Release|Any CPU
		{3D7B45C1-92A4-4E8F-B6D3-1F5E8A2C7B90}.Release|x86.ActiveCfg = Release|Any CPU
		{3D7B45C1-92A4-4E8F-B6D3-1F5E8A2C7B90}.Release|x86.Build.0 = Release|Any CPU
		{7E2A91D4-5B38-4C6F-A0E1-9D4C3B8F2A15}.Debug|Any CPU.ActiveCfg = Debug|Any CPU
		{7E2A91D4-5B38-4C6F-A0E1-9D4C3B8F2A15}.Debug|Any CPU.Build.0 = Debug|Any CPU
		{7E2A91D4-5B38-4C6F-A0E1-9D4C3B8F2A15}.Debug|x64.ActiveCfg = Debug|Any CPU
		{7E2A91D4-5B38-4C6F-A0E1-9D4C3B8F2A15}.Debug|x64.Build.0 = Debug|Any CPU
		{7E2A91D4-5B38-4C6F-A0E1-9D4C3B8F2A15}.Debug|x86.ActiveCfg = Debug|Any CPU
		{7E2A91D4-5B38-4C6F-A0E1-9D4C3B8F2A15}.Debug|x86.Build.0 = Debug|Any CPU
		{7E2A91D4-5B38-4C6F-A0E1-9D4C3B8F2A15}.Release|Any CPU.ActiveCfg = Release|Any CPU
		{7E2A91D4-5B38-4C6F-A0E1-9D4C3B8F2A15}.Release|Any CPU.Build.0 = Release|Any CPU
		{7E2A91D4-5B38-4C6F-A0E1-9D4C3B8F2A15}.Release|x64.ActiveCfg = Release|Any CPU
		{7E2A91D4-5B38-4C6F-A0E1-9D4C3B8F2A15}.Release|x64.Build.0 = Release|Any CPU
		{7E2A91D4-5B38-4C6F-A0E1-9D4C3B8F2A15}.Release|x86.ActiveCfg = Release|Any CPU
		{7E2A91D4-5B38-4C6F-A0E1-9D4C3B8F2A15}.Release|x86.Build.0 = Release|Any CPU
	EndGlobalSection
	GlobalSection(SolutionProperties) = preSolution
		HideSolutionNode = FALSE
	EndGlobalSection
	GlobalSection(NestedProjects) = preSolution
		{211353FE-136E-418D-B7A8-5D2F94BF7572} = {9C75327C-D9FB-4432-8339-26B0A6192D3E}
		{A5CB48A3-7CD9-4573-9429-9D7B0F6F1514} = {9C75327C-D9FB-4432-8339-26B0A6192D3E}
		{8C83CC47-E0E7-46E5-8FC8-C2BD5767443B} = {9C75327C-D9FB-4432-8339-26B0A6192D3E}
		{052FC9AE-A501-4EED-85CF-8C0920DBA023} = {0AB3BF05-4346-4AA6-1389-037BE0695223}
		{3D7B45C1-92A4-4E8F-B6D3-1F5E8A2C7B90} = {9C75327C-D9FB-4432-8339-26B0A6192D3E}
		{7E2A91D4-5B38-4C6F-A0E1-9D4C3B8F2A15} = {9C75327C-D9FB-4432-8339-26B0A6192D3E}
	EndGlobalSection
EndGlobal
